{
  "name": "@yashkorat17/skill-manager",
  "version": "1.4.0",
  "lockfileVersion": 3,
  "requires": true,
  "packages": {
    "": {
      "name": "@yashkorat17/skill-manager",
      "version": "1.4.0",
      "license": "MIT",
      "bin": {
        "skill-manager": "bin/cli.js",
        "skillmanager": "bin/cli.js"
      },
      "engines": {
        "node": ">=18"
      }
    }
  }
}
